
Microsoft Visual Studio Solution File, Format Version 12.00
# Visual Studio Version 16
VisualStudioVersion = 16.0.30011.22
MinimumVisualStudioVersion = 10.0.40219.1
Project("{2150E333-8FDC-42A3-9474-1A3956D46DE8}") = "HeavyWork", "HeavyWork", "{7E1361F0-53BC-4F0A-845A-199697D1940E}"
EndProject
Project("{2150E333-8FDC-42A3-9474-1A3956D46DE8}") = "Products", "Products", "{C725D725-6DC3-484F-839C-851DA0C79033}"
EndProject
Project("{FAE04EC0-301F-11D3-BF4B-00C04F79EFBC}") = "Ruminoid.Trimmer", "Ruminoid.Trimmer\Ruminoid.Trimmer.csproj", "{BF9C6664-0E37-4992-BCCB-CA19385E5899}"
EndProject
Project("{2150E333-8FDC-42A3-9474-1A3956D46DE8}") = "MetroRadiance", "MetroRadiance", "{4D65DE1C-8360-4DA5-B4E3-07691F464462}"
EndProject
Project("{FAE04EC0-301F-11D3-BF4B-00C04F79EFBC}") = "MetroRadiance", "HeavyWork\MetroRadiance\source\MetroRadiance\MetroRadiance.csproj", "{0AF0B9FF-D981-4D0F-A41F-C3AB6FE2F16D}"
EndProject
Project("{FAE04EC0-301F-11D3-BF4B-00C04F79EFBC}") = "MetroRadiance.Chrome", "HeavyWork\MetroRadiance\source\MetroRadiance.Chrome\MetroRadiance.Chrome.csproj", "{21B4AD15-D9FA-4873-BFAD-1EEEFBC6C264}"
EndProject
Project("{FAE04EC0-301F-11D3-BF4B-00C04F79EFBC}") = "MetroRadiance.Chrome.Externals", "HeavyWork\MetroRadiance\source\MetroRadiance.Chrome.Externals\MetroRadiance.Chrome.Externals.csproj", "{35F4CDD9-E656-48C1-96F8-77CB63480E08}"
EndProject
Project("{FAE04EC0-301F-11D3-BF4B-00C04F79EFBC}") = "MetroRadiance.Core", "HeavyWork\MetroRadiance\source\MetroRadiance.Core\MetroRadiance.Core.csproj", "{A6B0A741-5BE0-479D-B813-E65672350057}"
EndProject
Project("{FAE04EC0-301F-11D3-BF4B-00C04F79EFBC}") = "RetroRadiance", "HeavyWork\MetroRadiance\source\RetroRadiance\RetroRadiance.csproj", "{7F898B3A-DA17-4CAB-B387-5629B5FACA49}"
EndProject
Project("{FAE04EC0-301F-11D3-BF4B-00C04F79EFBC}") = "VisualIcon", "HeavyWork\VisualIcon\VisualIcon\VisualIcon.csproj", "{04DBBEF4-F422-4973-8EAA-11C15E09B7DE}"
EndProject
Project("{FAE04EC0-301F-11D3-BF4B-00C04F79EFBC}") = "YDock", "HeavyWork\YDock\YDock\YDock.csproj", "{2BD226E4-B931-4B46-A6C3-D15270AD0565}"
EndProject
Project("{2150E333-8FDC-42A3-9474-1A3956D46DE8}") = "Libraries", "Libraries", "{0C0F4DD4-A168-4252-8245-E2CDE0CFBB00}"
EndProject
Project("{FAE04EC0-301F-11D3-BF4B-00C04F79EFBC}") = "Ruminoid.Common.Renderer", "Ruminoid.Common.Renderer\Ruminoid.Common.Renderer.csproj", "{E971B2EC-E276-490D-8F30-BD5A631D22A5}"
EndProject
Project("{FAE04EC0-301F-11D3-BF4B-00C04F79EFBC}") = "Ruminoid.Common", "Ruminoid.Common\Ruminoid.Common.csproj", "{E2B74AD6-0076-4A4C-92C1-83B1D07D4B94}"
EndProject
Project("{FAE04EC0-301F-11D3-BF4B-00C04F79EFBC}") = "Ruminoid.Dashboard", "Ruminoid.Dashboard\Ruminoid.Dashboard.csproj", "{375141FD-4C36-4BBF-B532-C0677914D40E}"
EndProject
Project("{FAE04EC0-301F-11D3-BF4B-00C04F79EFBC}") = "Ruminoid.Logos", "Ruminoid.Logos\Ruminoid.Logos.csproj", "{01314A27-6E46-4818-BECF-89B44CEC3E89}"
EndProject
Project("{FAE04EC0-301F-11D3-BF4B-00C04F79EFBC}") = "Spout.NET", "HeavyWork\Spout.NET\Spout.NET.csproj", "{29855F99-14A1-4C0C-9EFE-06AF2EC44491}"
EndProject
Project("{FAE04EC0-301F-11D3-BF4B-00C04F79EFBC}") = "Ruminoid.LIVE", "Ruminoid.LIVE\Ruminoid.LIVE.csproj", "{AAD7F6DD-6B14-44DD-9DC0-2F925820E7DB}"
EndProject
Project("{FAE04EC0-301F-11D3-BF4B-00C04F79EFBC}") = "Ruminoid.Connect", "RConnect\Ruminoid.Connect\Ruminoid.Connect.csproj", "{4D9C3FD3-967B-4AFD-B43C-8F45C185F3AF}"
EndProject
Project("{FAE04EC0-301F-11D3-BF4B-00C04F79EFBC}") = "Ruminoid.Connect.Shell", "RConnect\Ruminoid.Connect.Shell\Ruminoid.Connect.Shell.csproj", "{A29B628A-875A-4237-8ED1-718B73747941}"
EndProject
Global
	GlobalSection(SolutionConfigurationPlatforms) = preSolution
		Debug|Any CPU = Debug|Any CPU
		Debug|x64 = Debug|x64
		Release RETRO|Any CPU = Release RETRO|Any CPU
		Release RETRO|x64 = Release RETRO|x64
		Release|Any CPU = Release|Any CPU
		Release|x64 = Release|x64
	EndGlobalSection
	GlobalSection(ProjectConfigurationPlatforms) = postSolution
		{BF9C6664-0E37-4992-BCCB-CA19385E5899}.Debug|Any CPU.ActiveCfg = Debug|Any CPU
		{BF9C6664-0E37-4992-BCCB-CA19385E5899}.Debug|x64.ActiveCfg = Debug|x64
		{BF9C6664-0E37-4992-BCCB-CA19385E5899}.Debug|x64.Build.0 = Debug|x64
		{BF9C6664-0E37-4992-BCCB-CA19385E5899}.Release RETRO|Any CPU.ActiveCfg = Release|Any CPU
		{BF9C6664-0E37-4992-BCCB-CA19385E5899}.Release RETRO|x64.ActiveCfg = Release|x64
		{BF9C6664-0E37-4992-BCCB-CA19385E5899}.Release RETRO|x64.Build.0 = Release|x64
		{BF9C6664-0E37-4992-BCCB-CA19385E5899}.Release|Any CPU.ActiveCfg = Release|Any CPU
		{BF9C6664-0E37-4992-BCCB-CA19385E5899}.Release|x64.ActiveCfg = Release|x64
		{BF9C6664-0E37-4992-BCCB-CA19385E5899}.Release|x64.Build.0 = Release|x64
		{0AF0B9FF-D981-4D0F-A41F-C3AB6FE2F16D}.Debug|Any CPU.ActiveCfg = Debug|Any CPU
		{0AF0B9FF-D981-4D0F-A41F-C3AB6FE2F16D}.Debug|Any CPU.Build.0 = Debug|Any CPU
		{0AF0B9FF-D981-4D0F-A41F-C3AB6FE2F16D}.Debug|x64.ActiveCfg = Debug|x64
		{0AF0B9FF-D981-4D0F-A41F-C3AB6FE2F16D}.Debug|x64.Build.0 = Debug|x64
		{0AF0B9FF-D981-4D0F-A41F-C3AB6FE2F16D}.Release RETRO|Any CPU.ActiveCfg = Release RETRO|Any CPU
		{0AF0B9FF-D981-4D0F-A41F-C3AB6FE2F16D}.Release RETRO|Any CPU.Build.0 = Release RETRO|Any CPU
		{0AF0B9FF-D981-4D0F-A41F-C3AB6FE2F16D}.Release RETRO|x64.ActiveCfg = Release RETRO|x64
		{0AF0B9FF-D981-4D0F-A41F-C3AB6FE2F16D}.Release RETRO|x64.Build.0 = Release RETRO|x64
		{0AF0B9FF-D981-4D0F-A41F-C3AB6FE2F16D}.Release|Any CPU.ActiveCfg = Release|Any CPU
		{0AF0B9FF-D981-4D0F-A41F-C3AB6FE2F16D}.Release|Any CPU.Build.0 = Release|Any CPU
		{0AF0B9FF-D981-4D0F-A41F-C3AB6FE2F16D}.Release|x64.ActiveCfg = Release|x64
		{0AF0B9FF-D981-4D0F-A41F-C3AB6FE2F16D}.Release|x64.Build.0 = Release|x64
		{21B4AD15-D9FA-4873-BFAD-1EEEFBC6C264}.Debug|Any CPU.ActiveCfg = Debug|Any CPU
		{21B4AD15-D9FA-4873-BFAD-1EEEFBC6C264}.Debug|Any CPU.Build.0 = Debug|Any CPU
		{21B4AD15-D9FA-4873-BFAD-1EEEFBC6C264}.Debug|x64.ActiveCfg = Debug|x64
		{21B4AD15-D9FA-4873-BFAD-1EEEFBC6C264}.Debug|x64.Build.0 = Debug|x64
		{21B4AD15-D9FA-4873-BFAD-1EEEFBC6C264}.Release RETRO|Any CPU.ActiveCfg = Release|Any CPU
		{21B4AD15-D9FA-4873-BFAD-1EEEFBC6C264}.Release RETRO|Any CPU.Build.0 = Release|Any CPU
		{21B4AD15-D9FA-4873-BFAD-1EEEFBC6C264}.Release RETRO|x64.ActiveCfg = Release|x64
		{21B4AD15-D9FA-4873-BFAD-1EEEFBC6C264}.Release RETRO|x64.Build.0 = Release|x64
		{21B4AD15-D9FA-4873-BFAD-1EEEFBC6C264}.Release|Any CPU.ActiveCfg = Release|Any CPU
		{21B4AD15-D9FA-4873-BFAD-1EEEFBC6C264}.Release|Any CPU.Build.0 = Release|Any CPU
		{21B4AD15-D9FA-4873-BFAD-1EEEFBC6C264}.Release|x64.ActiveCfg = Release|x64
		{21B4AD15-D9FA-4873-BFAD-1EEEFBC6C264}.Release|x64.Build.0 = Release|x64
		{35F4CDD9-E656-48C1-96F8-77CB63480E08}.Debug|Any CPU.ActiveCfg = Debug|Any CPU
		{35F4CDD9-E656-48C1-96F8-77CB63480E08}.Debug|Any CPU.Build.0 = Debug|Any CPU
		{35F4CDD9-E656-48C1-96F8-77CB63480E08}.Debug|x64.ActiveCfg = Debug|x64
		{35F4CDD9-E656-48C1-96F8-77CB63480E08}.Debug|x64.Build.0 = Debug|x64
		{35F4CDD9-E656-48C1-96F8-77CB63480E08}.Release RETRO|Any CPU.ActiveCfg = Release|Any CPU
		{35F4CDD9-E656-48C1-96F8-77CB63480E08}.Release RETRO|Any CPU.Build.0 = Release|Any CPU
		{35F4CDD9-E656-48C1-96F8-77CB63480E08}.Release RETRO|x64.ActiveCfg = Release|x64
		{35F4CDD9-E656-48C1-96F8-77CB63480E08}.Release RETRO|x64.Build.0 = Release|x64
		{35F4CDD9-E656-48C1-96F8-77CB63480E08}.Release|Any CPU.ActiveCfg = Release|Any CPU
		{35F4CDD9-E656-48C1-96F8-77CB63480E08}.Release|Any CPU.Build.0 = Release|Any CPU
		{35F4CDD9-E656-48C1-96F8-77CB63480E08}.Release|x64.ActiveCfg = Release|x64
		{35F4CDD9-E656-48C1-96F8-77CB63480E08}.Release|x64.Build.0 = Release|x64
		{A6B0A741-5BE0-479D-B813-E65672350057}.Debug|Any CPU.ActiveCfg = Debug|Any CPU
		{A6B0A741-5BE0-479D-B813-E65672350057}.Debug|Any CPU.Build.0 = Debug|Any CPU
		{A6B0A741-5BE0-479D-B813-E65672350057}.Debug|x64.ActiveCfg = Debug|x64
		{A6B0A741-5BE0-479D-B813-E65672350057}.Debug|x64.Build.0 = Debug|x64
		{A6B0A741-5BE0-479D-B813-E65672350057}.Release RETRO|Any CPU.ActiveCfg = Release|Any CPU
		{A6B0A741-5BE0-479D-B813-E65672350057}.Release RETRO|Any CPU.Build.0 = Release|Any CPU
		{A6B0A741-5BE0-479D-B813-E65672350057}.Release RETRO|x64.ActiveCfg = Release|x64
		{A6B0A741-5BE0-479D-B813-E65672350057}.Release RETRO|x64.Build.0 = Release|x64
		{A6B0A741-5BE0-479D-B813-E65672350057}.Release|Any CPU.ActiveCfg = Release|Any CPU
		{A6B0A741-5BE0-479D-B813-E65672350057}.Release|Any CPU.Build.0 = Release|Any CPU
		{A6B0A741-5BE0-479D-B813-E65672350057}.Release|x64.ActiveCfg = Release|x64
		{A6B0A741-5BE0-479D-B813-E65672350057}.Release|x64.Build.0 = Release|x64
		{7F898B3A-DA17-4CAB-B387-5629B5FACA49}.Debug|Any CPU.ActiveCfg = Debug|Any CPU
		{7F898B3A-DA17-4CAB-B387-5629B5FACA49}.Debug|Any CPU.Build.0 = Debug|Any CPU
		{7F898B3A-DA17-4CAB-B387-5629B5FACA49}.Debug|x64.ActiveCfg = Debug|x64
		{7F898B3A-DA17-4CAB-B387-5629B5FACA49}.Debug|x64.Build.0 = Debug|x64
		{7F898B3A-DA17-4CAB-B387-5629B5FACA49}.Release RETRO|Any CPU.ActiveCfg = Release|Any CPU
		{7F898B3A-DA17-4CAB-B387-5629B5FACA49}.Release RETRO|Any CPU.Build.0 = Release|Any CPU
		{7F898B3A-DA17-4CAB-B387-5629B5FACA49}.Release RETRO|x64.ActiveCfg = Release|x64
		{7F898B3A-DA17-4CAB-B387-5629B5FACA49}.Release RETRO|x64.Build.0 = Release|x64
		{7F898B3A-DA17-4CAB-B387-5629B5FACA49}.Release|Any CPU.ActiveCfg = Release|Any CPU
		{7F898B3A-DA17-4CAB-B387-5629B5FACA49}.Release|Any CPU.Build.0 = Release|Any CPU
		{7F898B3A-DA17-4CAB-B387-5629B5FACA49}.Release|x64.ActiveCfg = Release|x64
		{7F898B3A-DA17-4CAB-B387-5629B5FACA49}.Release|x64.Build.0 = Release|x64
		{04DBBEF4-F422-4973-8EAA-11C15E09B7DE}.Debug|Any CPU.ActiveCfg = Debug|Any CPU
		{04DBBEF4-F422-4973-8EAA-11C15E09B7DE}.Debug|Any CPU.Build.0 = Debug|Any CPU
		{04DBBEF4-F422-4973-8EAA-11C15E09B7DE}.Debug|x64.ActiveCfg = Debug|x64
		{04DBBEF4-F422-4973-8EAA-11C15E09B7DE}.Debug|x64.Build.0 = Debug|x64
		{04DBBEF4-F422-4973-8EAA-11C15E09B7DE}.Release RETRO|Any CPU.ActiveCfg = Release|Any CPU
		{04DBBEF4-F422-4973-8EAA-11C15E09B7DE}.Release RETRO|Any CPU.Build.0 = Release|Any CPU
		{04DBBEF4-F422-4973-8EAA-11C15E09B7DE}.Release RETRO|x64.ActiveCfg = Release|x64
		{04DBBEF4-F422-4973-8EAA-11C15E09B7DE}.Release RETRO|x64.Build.0 = Release|x64
		{04DBBEF4-F422-4973-8EAA-11C15E09B7DE}.Release|Any CPU.ActiveCfg = Release|Any CPU
		{04DBBEF4-F422-4973-8EAA-11C15E09B7DE}.Release|Any CPU.Build.0 = Release|Any CPU
		{04DBBEF4-F422-4973-8EAA-11C15E09B7DE}.Release|x64.ActiveCfg = Release|x64
		{04DBBEF4-F422-4973-8EAA-11C15E09B7DE}.Release|x64.Build.0 = Release|x64
		{2BD226E4-B931-4B46-A6C3-D15270AD0565}.Debug|Any CPU.ActiveCfg = Debug|Any CPU
		{2BD226E4-B931-4B46-A6C3-D15270AD0565}.Debug|Any CPU.Build.0 = Debug|Any CPU
		{2BD226E4-B931-4B46-A6C3-D15270AD0565}.Debug|x64.ActiveCfg = Debug|x64
		{2BD226E4-B931-4B46-A6C3-D15270AD0565}.Debug|x64.Build.0 = Debug|x64
		{2BD226E4-B931-4B46-A6C3-D15270AD0565}.Release RETRO|Any CPU.ActiveCfg = Release|Any CPU
		{2BD226E4-B931-4B46-A6C3-D15270AD0565}.Release RETRO|Any CPU.Build.0 = Release|Any CPU
		{2BD226E4-B931-4B46-A6C3-D15270AD0565}.Release RETRO|x64.ActiveCfg = Release|x64
		{2BD226E4-B931-4B46-A6C3-D15270AD0565}.Release RETRO|x64.Build.0 = Release|x64
		{2BD226E4-B931-4B46-A6C3-D15270AD0565}.Release|Any CPU.ActiveCfg = Release|Any CPU
		{2BD226E4-B931-4B46-A6C3-D15270AD0565}.Release|Any CPU.Build.0 = Release|Any CPU
		{2BD226E4-B931-4B46-A6C3-D15270AD0565}.Release|x64.ActiveCfg = Release|x64
		{2BD226E4-B931-4B46-A6C3-D15270AD0565}.Release|x64.Build.0 = Release|x64
		{E971B2EC-E276-490D-8F30-BD5A631D22A5}.Debug|Any CPU.ActiveCfg = Debug|Any CPU
		{E971B2EC-E276-490D-8F30-BD5A631D22A5}.Debug|x64.ActiveCfg = Debug|x64
		{E971B2EC-E276-490D-8F30-BD5A631D22A5}.Debug|x64.Build.0 = Debug|x64
		{E971B2EC-E276-490D-8F30-BD5A631D22A5}.Release RETRO|Any CPU.ActiveCfg = Release|Any CPU
		{E971B2EC-E276-490D-8F30-BD5A631D22A5}.Release RETRO|x64.ActiveCfg = Release|Any CPU
		{E971B2EC-E276-490D-8F30-BD5A631D22A5}.Release RETRO|x64.Build.0 = Release|Any CPU
		{E971B2EC-E276-490D-8F30-BD5A631D22A5}.Release|Any CPU.ActiveCfg = Release|Any CPU
		{E971B2EC-E276-490D-8F30-BD5A631D22A5}.Release|x64.ActiveCfg = Release|Any CPU
		{E971B2EC-E276-490D-8F30-BD5A631D22A5}.Release|x64.Build.0 = Release|Any CPU
		{E2B74AD6-0076-4A4C-92C1-83B1D07D4B94}.Debug|Any CPU.ActiveCfg = Debug|Any CPU
		{E2B74AD6-0076-4A4C-92C1-83B1D07D4B94}.Debug|Any CPU.Build.0 = Debug|Any CPU
		{E2B74AD6-0076-4A4C-92C1-83B1D07D4B94}.Debug|x64.ActiveCfg = Debug|x64
		{E2B74AD6-0076-4A4C-92C1-83B1D07D4B94}.Debug|x64.Build.0 = Debug|x64
		{E2B74AD6-0076-4A4C-92C1-83B1D07D4B94}.Release RETRO|Any CPU.ActiveCfg = Release|Any CPU
		{E2B74AD6-0076-4A4C-92C1-83B1D07D4B94}.Release RETRO|Any CPU.Build.0 = Release|Any CPU
		{E2B74AD6-0076-4A4C-92C1-83B1D07D4B94}.Release RETRO|x64.ActiveCfg = Release|Any CPU
		{E2B74AD6-0076-4A4C-92C1-83B1D07D4B94}.Release RETRO|x64.Build.0 = Release|Any CPU
		{E2B74AD6-0076-4A4C-92C1-83B1D07D4B94}.Release|Any CPU.ActiveCfg = Release|Any CPU
		{E2B74AD6-0076-4A4C-92C1-83B1D07D4B94}.Release|Any CPU.Build.0 = Release|Any CPU
		{E2B74AD6-0076-4A4C-92C1-83B1D07D4B94}.Release|x64.ActiveCfg = Release|Any CPU
		{E2B74AD6-0076-4A4C-92C1-83B1D07D4B94}.Release|x64.Build.0 = Release|Any CPU
		{375141FD-4C36-4BBF-B532-C0677914D40E}.Debug|Any CPU.ActiveCfg = Debug|Any CPU
		{375141FD-4C36-4BBF-B532-C0677914D40E}.Debug|Any CPU.Build.0 = Debug|Any CPU
		{375141FD-4C36-4BBF-B532-C0677914D40E}.Debug|x64.ActiveCfg = Debug|x64
		{375141FD-4C36-4BBF-B532-C0677914D40E}.Debug|x64.Build.0 = Debug|x64
		{375141FD-4C36-4BBF-B532-C0677914D40E}.Release RETRO|Any CPU.ActiveCfg = Release|Any CPU
		{375141FD-4C36-4BBF-B532-C0677914D40E}.Release RETRO|Any CPU.Build.0 = Release|Any CPU
		{375141FD-4C36-4BBF-B532-C0677914D40E}.Release RETRO|x64.ActiveCfg = Release|Any CPU
		{375141FD-4C36-4BBF-B532-C0677914D40E}.Release RETRO|x64.Build.0 = Release|Any CPU
		{375141FD-4C36-4BBF-B532-C0677914D40E}.Release|Any CPU.ActiveCfg = Release|Any CPU
		{375141FD-4C36-4BBF-B532-C0677914D40E}.Release|Any CPU.Build.0 = Release|Any CPU
		{375141FD-4C36-4BBF-B532-C0677914D40E}.Release|x64.ActiveCfg = Release|Any CPU
		{375141FD-4C36-4BBF-B532-C0677914D40E}.Release|x64.Build.0 = Release|Any CPU
		{01314A27-6E46-4818-BECF-89B44CEC3E89}.Debug|Any CPU.ActiveCfg = Debug|Any CPU
		{01314A27-6E46-4818-BECF-89B44CEC3E89}.Debug|Any CPU.Build.0 = Debug|Any CPU
		{01314A27-6E46-4818-BECF-89B44CEC3E89}.Debug|x64.ActiveCfg = Debug|x64
		{01314A27-6E46-4818-BECF-89B44CEC3E89}.Debug|x64.Build.0 = Debug|x64
		{01314A27-6E46-4818-BECF-89B44CEC3E89}.Release RETRO|Any CPU.ActiveCfg = Release|Any CPU
		{01314A27-6E46-4818-BECF-89B44CEC3E89}.Release RETRO|Any CPU.Build.0 = Release|Any CPU
		{01314A27-6E46-4818-BECF-89B44CEC3E89}.Release RETRO|x64.ActiveCfg = Release|Any CPU
		{01314A27-6E46-4818-BECF-89B44CEC3E89}.Release RETRO|x64.Build.0 = Release|Any CPU
		{01314A27-6E46-4818-BECF-89B44CEC3E89}.Release|Any CPU.ActiveCfg = Release|Any CPU
		{01314A27-6E46-4818-BECF-89B44CEC3E89}.Release|Any CPU.Build.0 = Release|Any CPU
		{01314A27-6E46-4818-BECF-89B44CEC3E89}.Release|x64.ActiveCfg = Release|Any CPU
		{01314A27-6E46-4818-BECF-89B44CEC3E89}.Release|x64.Build.0 = Release|Any CPU
		{29855F99-14A1-4C0C-9EFE-06AF2EC44491}.Debug|Any CPU.ActiveCfg = Debug|x64
		{29855F99-14A1-4C0C-9EFE-06AF2EC44491}.Debug|x64.ActiveCfg = Debug|x64
		{29855F99-14A1-4C0C-9EFE-06AF2EC44491}.Debug|x64.Build.0 = Debug|x64
		{29855F99-14A1-4C0C-9EFE-06AF2EC44491}.Release RETRO|Any CPU.ActiveCfg = Release|x64
		{29855F99-14A1-4C0C-9EFE-06AF2EC44491}.Release RETRO|Any CPU.Build.0 = Release|x64
		{29855F99-14A1-4C0C-9EFE-06AF2EC44491}.Release RETRO|x64.ActiveCfg = Release|x64
		{29855F99-14A1-4C0C-9EFE-06AF2EC44491}.Release RETRO|x64.Build.0 = Release|x64
		{29855F99-14A1-4C0C-9EFE-06AF2EC44491}.Release|Any CPU.ActiveCfg = Release|x64
		{29855F99-14A1-4C0C-9EFE-06AF2EC44491}.Release|x64.ActiveCfg = Release|x64
		{29855F99-14A1-4C0C-9EFE-06AF2EC44491}.Release|x64.Build.0 = Release|x64
		{AAD7F6DD-6B14-44DD-9DC0-2F925820E7DB}.Debug|Any CPU.ActiveCfg = Debug|x64
		{AAD7F6DD-6B14-44DD-9DC0-2F925820E7DB}.Debug|x64.ActiveCfg = Debug|x64
		{AAD7F6DD-6B14-44DD-9DC0-2F925820E7DB}.Debug|x64.Build.0 = Debug|x64
		{AAD7F6DD-6B14-44DD-9DC0-2F925820E7DB}.Release RETRO|Any CPU.ActiveCfg = Release|x64
		{AAD7F6DD-6B14-44DD-9DC0-2F925820E7DB}.Release RETRO|Any CPU.Build.0 = Release|x64
		{AAD7F6DD-6B14-44DD-9DC0-2F925820E7DB}.Release RETRO|x64.ActiveCfg = Release|x64
		{AAD7F6DD-6B14-44DD-9DC0-2F925820E7DB}.Release RETRO|x64.Build.0 = Release|x64
		{AAD7F6DD-6B14-44DD-9DC0-2F925820E7DB}.Release|Any CPU.ActiveCfg = Release|x64
		{AAD7F6DD-6B14-44DD-9DC0-2F925820E7DB}.Release|x64.ActiveCfg = Release|x64
		{AAD7F6DD-6B14-44DD-9DC0-2F925820E7DB}.Release|x64.Build.0 = Release|x64
		{4D9C3FD3-967B-4AFD-B43C-8F45C185F3AF}.Debug|Any CPU.ActiveCfg = Debug|x64
		{4D9C3FD3-967B-4AFD-B43C-8F45C185F3AF}.Debug|x64.ActiveCfg = Debug|x64
		{4D9C3FD3-967B-4AFD-B43C-8F45C185F3AF}.Debug|x64.Build.0 = Debug|x64
		{4D9C3FD3-967B-4AFD-B43C-8F45C185F3AF}.Release RETRO|Any CPU.ActiveCfg = Release|x64
		{4D9C3FD3-967B-4AFD-B43C-8F45C185F3AF}.Release RETRO|Any CPU.Build.0 = Release|x64
		{4D9C3FD3-967B-4AFD-B43C-8F45C185F3AF}.Release RETRO|x64.ActiveCfg = Release|x64
		{4D9C3FD3-967B-4AFD-B43C-8F45C185F3AF}.Release RETRO|x64.Build.0 = Release|x64
		{4D9C3FD3-967B-4AFD-B43C-8F45C185F3AF}.Release|Any CPU.ActiveCfg = Release|x64
		{4D9C3FD3-967B-4AFD-B43C-8F45C185F3AF}.Release|x64.ActiveCfg = Release|x64
		{4D9C3FD3-967B-4AFD-B43C-8F45C185F3AF}.Release|x64.Build.0 = Release|x64
		{A29B628A-875A-4237-8ED1-718B73747941}.Debug|Any CPU.ActiveCfg = Debug|x64
		{A29B628A-875A-4237-8ED1-718B73747941}.Debug|x64.ActiveCfg = Debug|x64
		{A29B628A-875A-4237-8ED1-718B73747941}.Debug|x64.Build.0 = Debug|x64
		{A29B628A-875A-4237-8ED1-718B73747941}.Release RETRO|Any CPU.ActiveCfg = Release|x64
		{A29B628A-875A-4237-8ED1-718B73747941}.Release RETRO|Any CPU.Build.0 = Release|x64
		{A29B628A-875A-4237-8ED1-718B73747941}.Release RETRO|x64.ActiveCfg = Release|x64
		{A29B628A-875A-4237-8ED1-718B73747941}.Release RETRO|x64.Build.0 = Release|x64
		{A29B628A-875A-4237-8ED1-718B73747941}.Release|Any CPU.ActiveCfg = Release|x64
		{A29B628A-875A-4237-8ED1-718B73747941}.Release|x64.ActiveCfg = Release|x64
		{A29B628A-875A-4237-8ED1-718B73747941}.Release|x64.Build.0 = Release|x64
	EndGlobalSection
	GlobalSection(SolutionProperties) = preSolution
		HideSolutionNode = FALSE
	EndGlobalSection
	GlobalSection(NestedProjects) = preSolution
		{BF9C6664-0E37-4992-BCCB-CA19385E5899} = {C725D725-6DC3-484F-839C-851DA0C79033}
		{4D65DE1C-8360-4DA5-B4E3-07691F464462} = {7E1361F0-53BC-4F0A-845A-199697D1940E}
		{0AF0B9FF-D981-4D0F-A41F-C3AB6FE2F16D} = {4D65DE1C-8360-4DA5-B4E3-07691F464462}
		{21B4AD15-D9FA-4873-BFAD-1EEEFBC6C264} = {4D65DE1C-8360-4DA5-B4E3-07691F464462}
		{35F4CDD9-E656-48C1-96F8-77CB63480E08} = {4D65DE1C-8360-4DA5-B4E3-07691F464462}
		{A6B0A741-5BE0-479D-B813-E65672350057} = {4D65DE1C-8360-4DA5-B4E3-07691F464462}
		{7F898B3A-DA17-4CAB-B387-5629B5FACA49} = {4D65DE1C-8360-4DA5-B4E3-07691F464462}
		{04DBBEF4-F422-4973-8EAA-11C15E09B7DE} = {7E1361F0-53BC-4F0A-845A-199697D1940E}
		{2BD226E4-B931-4B46-A6C3-D15270AD0565} = {7E1361F0-53BC-4F0A-845A-199697D1940E}
		{E971B2EC-E276-490D-8F30-BD5A631D22A5} = {0C0F4DD4-A168-4252-8245-E2CDE0CFBB00}
		{E2B74AD6-0076-4A4C-92C1-83B1D07D4B94} = {0C0F4DD4-A168-4252-8245-E2CDE0CFBB00}
		{375141FD-4C36-4BBF-B532-C0677914D40E} = {C725D725-6DC3-484F-839C-851DA0C79033}
		{01314A27-6E46-4818-BECF-89B44CEC3E89} = {0C0F4DD4-A168-4252-8245-E2CDE0CFBB00}
		{29855F99-14A1-4C0C-9EFE-06AF2EC44491} = {7E1361F0-53BC-4F0A-845A-199697D1940E}
		{AAD7F6DD-6B14-44DD-9DC0-2F925820E7DB} = {C725D725-6DC3-484F-839C-851DA0C79033}
		{4D9C3FD3-967B-4AFD-B43C-8F45C185F3AF} = {0C0F4DD4-A168-4252-8245-E2CDE0CFBB00}
		{A29B628A-875A-4237-8ED1-718B73747941} = {C725D725-6DC3-484F-839C-851DA0C79033}
	EndGlobalSection
	GlobalSection(ExtensibilityGlobals) = postSolution
		SolutionGuid = {979C703A-8DBD-43C9-ADEF-F12278C28059}
	EndGlobalSection
EndGlobal
