
Microsoft Visual Studio Solution File, Format Version 12.00
# Visual Studio Version 16
VisualStudioVersion = 16.0.30011.22
MinimumVisualStudioVersion = 10.0.40219.1
Project("{2150E333-8FDC-42A3-9474-1A3956D46DE8}") = "HeavyWork", "HeavyWork", "{7E1361F0-53BC-4F0A-845A-199697D1940E}"
EndProject
Project("{2150E333-8FDC-42A3-9474-1A3956D46DE8}") = "Products", "Products", "{C725D725-6DC3-484F-839C-851DA0C79033}"
EndProject
Project("{FAE04EC0-301F-11D3-BF4B-00C04F79EFBC}") = "Ruminoid.Trimmer", "Ruminoid.Trimmer\Ruminoid.Trimmer.csproj", "{BF9C6664-0E37-4992-BCCB-CA19385E5899}"
EndProject
Project("{2150E333-8FDC-42A3-9474-1A3956D46DE8}") = "MetroRadiance", "MetroRadiance", "{4D65DE1C-8360-4DA5-B4E3-07691F464462}"
EndProject
Project("{FAE04EC0-301F-11D3-BF4B-00C04F79EFBC}") = "MetroRadiance", "HeavyWork\MetroRadiance\source\MetroRadiance\MetroRadiance.csproj", "{0AF0B9FF-D981-4D0F-A41F-C3AB6FE2F16D}"
EndProject
Project("{FAE04EC0-301F-11D3-BF4B-00C04F79EFBC}") = "MetroRadiance.Chrome", "HeavyWork\MetroRadiance\source\MetroRadiance.Chrome\MetroRadiance.Chrome.csproj", "{21B4AD15-D9FA-4873-BFAD-1EEEFBC6C264}"
EndProject
Project("{FAE04EC0-301F-11D3-BF4B-00C04F79EFBC}") = "MetroRadiance.Chrome.Externals", "HeavyWork\MetroRadiance\source\MetroRadiance.Chrome.Externals\MetroRadiance.Chrome.Externals.csproj", "{35F4CDD9-E656-48C1-96F8-77CB63480E08}"
EndProject
Project("{FAE04EC0-301F-11D3-BF4B-00C04F79EFBC}") = "MetroRadiance.Core", "HeavyWork\MetroRadiance\source\MetroRadiance.Core\MetroRadiance.Core.csproj", "{A6B0A741-5BE0-479D-B813-E65672350057}"
EndProject
Project("{FAE04EC0-301F-11D3-BF4B-00C04F79EFBC}") = "RetroRadiance", "HeavyWork\MetroRadiance\source\RetroRadiance\RetroRadiance.csproj", "{7F898B3A-DA17-4CAB-B387-5629B5FACA49}"
EndProject
Project("{FAE04EC0-301F-11D3-BF4B-00C04F79EFBC}") = "VisualIcon", "HeavyWork\VisualIcon\VisualIcon\VisualIcon.csproj", "{04DBBEF4-F422-4973-8EAA-11C15E09B7DE}"
EndProject
Project("{FAE04EC0-301F-11D3-BF4B-00C04F79EFBC}") = "YDock", "HeavyWork\YDock\YDock\YDock.csproj", "{2BD226E4-B931-4B46-A6C3-D15270AD0565}"
EndProject
Global
	GlobalSection(SolutionConfigurationPlatforms) = preSolution
		Debug|x64 = Debug|x64
		Debug|x86 = Debug|x86
		Release RETRO|x64 = Release RETRO|x64
		Release RETRO|x86 = Release RETRO|x86
		Release|x64 = Release|x64
		Release|x86 = Release|x86
	EndGlobalSection
	GlobalSection(ProjectConfigurationPlatforms) = postSolution
		{BF9C6664-0E37-4992-BCCB-CA19385E5899}.Debug|x64.ActiveCfg = Debug|x64
		{BF9C6664-0E37-4992-BCCB-CA19385E5899}.Debug|x64.Build.0 = Debug|x64
		{BF9C6664-0E37-4992-BCCB-CA19385E5899}.Debug|x86.ActiveCfg = Debug|Any CPU
		{BF9C6664-0E37-4992-BCCB-CA19385E5899}.Debug|x86.Build.0 = Debug|Any CPU
		{BF9C6664-0E37-4992-BCCB-CA19385E5899}.Release RETRO|x64.ActiveCfg = Release|x64
		{BF9C6664-0E37-4992-BCCB-CA19385E5899}.Release RETRO|x64.Build.0 = Release|x64
		{BF9C6664-0E37-4992-BCCB-CA19385E5899}.Release RETRO|x86.ActiveCfg = Release|Any CPU
		{BF9C6664-0E37-4992-BCCB-CA19385E5899}.Release RETRO|x86.Build.0 = Release|Any CPU
		{BF9C6664-0E37-4992-BCCB-CA19385E5899}.Release|x64.ActiveCfg = Release|x64
		{BF9C6664-0E37-4992-BCCB-CA19385E5899}.Release|x64.Build.0 = Release|x64
		{BF9C6664-0E37-4992-BCCB-CA19385E5899}.Release|x86.ActiveCfg = Release|Any CPU
		{BF9C6664-0E37-4992-BCCB-CA19385E5899}.Release|x86.Build.0 = Release|Any CPU
		{0AF0B9FF-D981-4D0F-A41F-C3AB6FE2F16D}.Debug|x64.ActiveCfg = Debug|x64
		{0AF0B9FF-D981-4D0F-A41F-C3AB6FE2F16D}.Debug|x64.Build.0 = Debug|x64
		{0AF0B9FF-D981-4D0F-A41F-C3AB6FE2F16D}.Debug|x86.ActiveCfg = Debug|Any CPU
		{0AF0B9FF-D981-4D0F-A41F-C3AB6FE2F16D}.Debug|x86.Build.0 = Debug|Any CPU
		{0AF0B9FF-D981-4D0F-A41F-C3AB6FE2F16D}.Release RETRO|x64.ActiveCfg = Release RETRO|x64
		{0AF0B9FF-D981-4D0F-A41F-C3AB6FE2F16D}.Release RETRO|x64.Build.0 = Release RETRO|x64
		{0AF0B9FF-D981-4D0F-A41F-C3AB6FE2F16D}.Release RETRO|x86.ActiveCfg = Release RETRO|Any CPU
		{0AF0B9FF-D981-4D0F-A41F-C3AB6FE2F16D}.Release RETRO|x86.Build.0 = Release RETRO|Any CPU
		{0AF0B9FF-D981-4D0F-A41F-C3AB6FE2F16D}.Release|x64.ActiveCfg = Release|x64
		{0AF0B9FF-D981-4D0F-A41F-C3AB6FE2F16D}.Release|x64.Build.0 = Release|x64
		{0AF0B9FF-D981-4D0F-A41F-C3AB6FE2F16D}.Release|x86.ActiveCfg = Release|Any CPU
		{0AF0B9FF-D981-4D0F-A41F-C3AB6FE2F16D}.Release|x86.Build.0 = Release|Any CPU
		{21B4AD15-D9FA-4873-BFAD-1EEEFBC6C264}.Debug|x64.ActiveCfg = Debug|x64
		{21B4AD15-D9FA-4873-BFAD-1EEEFBC6C264}.Debug|x64.Build.0 = Debug|x64
		{21B4AD15-D9FA-4873-BFAD-1EEEFBC6C264}.Debug|x86.ActiveCfg = Debug|Any CPU
		{21B4AD15-D9FA-4873-BFAD-1EEEFBC6C264}.Debug|x86.Build.0 = Debug|Any CPU
		{21B4AD15-D9FA-4873-BFAD-1EEEFBC6C264}.Release RETRO|x64.ActiveCfg = Release|x64
		{21B4AD15-D9FA-4873-BFAD-1EEEFBC6C264}.Release RETRO|x64.Build.0 = Release|x64
		{21B4AD15-D9FA-4873-BFAD-1EEEFBC6C264}.Release RETRO|x86.ActiveCfg = Release|Any CPU
		{21B4AD15-D9FA-4873-BFAD-1EEEFBC6C264}.Release RETRO|x86.Build.0 = Release|Any CPU
		{21B4AD15-D9FA-4873-BFAD-1EEEFBC6C264}.Release|x64.ActiveCfg = Release|x64
		{21B4AD15-D9FA-4873-BFAD-1EEEFBC6C264}.Release|x64.Build.0 = Release|x64
		{21B4AD15-D9FA-4873-BFAD-1EEEFBC6C264}.Release|x86.ActiveCfg = Release|Any CPU
		{21B4AD15-D9FA-4873-BFAD-1EEEFBC6C264}.Release|x86.Build.0 = Release|Any CPU
		{35F4CDD9-E656-48C1-96F8-77CB63480E08}.Debug|x64.ActiveCfg = Debug|x64
		{35F4CDD9-E656-48C1-96F8-77CB63480E08}.Debug|x64.Build.0 = Debug|x64
		{35F4CDD9-E656-48C1-96F8-77CB63480E08}.Debug|x86.ActiveCfg = Debug|Any CPU
		{35F4CDD9-E656-48C1-96F8-77CB63480E08}.Debug|x86.Build.0 = Debug|Any CPU
		{35F4CDD9-E656-48C1-96F8-77CB63480E08}.Release RETRO|x64.ActiveCfg = Release|x64
		{35F4CDD9-E656-48C1-96F8-77CB63480E08}.Release RETRO|x64.Build.0 = Release|x64
		{35F4CDD9-E656-48C1-96F8-77CB63480E08}.Release RETRO|x86.ActiveCfg = Release|Any CPU
		{35F4CDD9-E656-48C1-96F8-77CB63480E08}.Release RETRO|x86.Build.0 = Release|Any CPU
		{35F4CDD9-E656-48C1-96F8-77CB63480E08}.Release|x64.ActiveCfg = Release|x64
		{35F4CDD9-E656-48C1-96F8-77CB63480E08}.Release|x64.Build.0 = Release|x64
		{35F4CDD9-E656-48C1-96F8-77CB63480E08}.Release|x86.ActiveCfg = Release|Any CPU
		{35F4CDD9-E656-48C1-96F8-77CB63480E08}.Release|x86.Build.0 = Release|Any CPU
		{A6B0A741-5BE0-479D-B813-E65672350057}.Debug|x64.ActiveCfg = Debug|x64
		{A6B0A741-5BE0-479D-B813-E65672350057}.Debug|x64.Build.0 = Debug|x64
		{A6B0A741-5BE0-479D-B813-E65672350057}.Debug|x86.ActiveCfg = Debug|Any CPU
		{A6B0A741-5BE0-479D-B813-E65672350057}.Debug|x86.Build.0 = Debug|Any CPU
		{A6B0A741-5BE0-479D-B813-E65672350057}.Release RETRO|x64.ActiveCfg = Release|x64
		{A6B0A741-5BE0-479D-B813-E65672350057}.Release RETRO|x64.Build.0 = Release|x64
		{A6B0A741-5BE0-479D-B813-E65672350057}.Release RETRO|x86.ActiveCfg = Release|Any CPU
		{A6B0A741-5BE0-479D-B813-E65672350057}.Release RETRO|x86.Build.0 = Release|Any CPU
		{A6B0A741-5BE0-479D-B813-E65672350057}.Release|x64.ActiveCfg = Release|x64
		{A6B0A741-5BE0-479D-B813-E65672350057}.Release|x64.Build.0 = Release|x64
		{A6B0A741-5BE0-479D-B813-E65672350057}.Release|x86.ActiveCfg = Release|Any CPU
		{A6B0A741-5BE0-479D-B813-E65672350057}.Release|x86.Build.0 = Release|Any CPU
		{7F898B3A-DA17-4CAB-B387-5629B5FACA49}.Debug|x64.ActiveCfg = Debug|x64
		{7F898B3A-DA17-4CAB-B387-5629B5FACA49}.Debug|x64.Build.0 = Debug|x64
		{7F898B3A-DA17-4CAB-B387-5629B5FACA49}.Debug|x86.ActiveCfg = Debug|Any CPU
		{7F898B3A-DA17-4CAB-B387-5629B5FACA49}.Debug|x86.Build.0 = Debug|Any CPU
		{7F898B3A-DA17-4CAB-B387-5629B5FACA49}.Release RETRO|x64.ActiveCfg = Release|x64
		{7F898B3A-DA17-4CAB-B387-5629B5FACA49}.Release RETRO|x64.Build.0 = Release|x64
		{7F898B3A-DA17-4CAB-B387-5629B5FACA49}.Release RETRO|x86.ActiveCfg = Release|Any CPU
		{7F898B3A-DA17-4CAB-B387-5629B5FACA49}.Release RETRO|x86.Build.0 = Release|Any CPU
		{7F898B3A-DA17-4CAB-B387-5629B5FACA49}.Release|x64.ActiveCfg = Release|x64
		{7F898B3A-DA17-4CAB-B387-5629B5FACA49}.Release|x64.Build.0 = Release|x64
		{7F898B3A-DA17-4CAB-B387-5629B5FACA49}.Release|x86.ActiveCfg = Release|Any CPU
		{7F898B3A-DA17-4CAB-B387-5629B5FACA49}.Release|x86.Build.0 = Release|Any CPU
		{04DBBEF4-F422-4973-8EAA-11C15E09B7DE}.Debug|x64.ActiveCfg = Debug|x64
		{04DBBEF4-F422-4973-8EAA-11C15E09B7DE}.Debug|x64.Build.0 = Debug|x64
		{04DBBEF4-F422-4973-8EAA-11C15E09B7DE}.Debug|x86.ActiveCfg = Debug|Any CPU
		{04DBBEF4-F422-4973-8EAA-11C15E09B7DE}.Debug|x86.Build.0 = Debug|Any CPU
		{04DBBEF4-F422-4973-8EAA-11C15E09B7DE}.Release RETRO|x64.ActiveCfg = Release|x64
		{04DBBEF4-F422-4973-8EAA-11C15E09B7DE}.Release RETRO|x64.Build.0 = Release|x64
		{04DBBEF4-F422-4973-8EAA-11C15E09B7DE}.Release RETRO|x86.ActiveCfg = Release|Any CPU
		{04DBBEF4-F422-4973-8EAA-11C15E09B7DE}.Release RETRO|x86.Build.0 = Release|Any CPU
		{04DBBEF4-F422-4973-8EAA-11C15E09B7DE}.Release|x64.ActiveCfg = Release|x64
		{04DBBEF4-F422-4973-8EAA-11C15E09B7DE}.Release|x64.Build.0 = Release|x64
		{04DBBEF4-F422-4973-8EAA-11C15E09B7DE}.Release|x86.ActiveCfg = Release|Any CPU
		{04DBBEF4-F422-4973-8EAA-11C15E09B7DE}.Release|x86.Build.0 = Release|Any CPU
		{2BD226E4-B931-4B46-A6C3-D15270AD0565}.Debug|x64.ActiveCfg = Debug|x64
		{2BD226E4-B931-4B46-A6C3-D15270AD0565}.Debug|x64.Build.0 = Debug|x64
		{2BD226E4-B931-4B46-A6C3-D15270AD0565}.Debug|x86.ActiveCfg = Debug|x86
		{2BD226E4-B931-4B46-A6C3-D15270AD0565}.Debug|x86.Build.0 = Debug|x86
		{2BD226E4-B931-4B46-A6C3-D15270AD0565}.Release RETRO|x64.ActiveCfg = Release|x64
		{2BD226E4-B931-4B46-A6C3-D15270AD0565}.Release RETRO|x64.Build.0 = Release|x64
		{2BD226E4-B931-4B46-A6C3-D15270AD0565}.Release RETRO|x86.ActiveCfg = Release|x86
		{2BD226E4-B931-4B46-A6C3-D15270AD0565}.Release RETRO|x86.Build.0 = Release|x86
		{2BD226E4-B931-4B46-A6C3-D15270AD0565}.Release|x64.ActiveCfg = Release|x64
		{2BD226E4-B931-4B46-A6C3-D15270AD0565}.Release|x64.Build.0 = Release|x64
		{2BD226E4-B931-4B46-A6C3-D15270AD0565}.Release|x86.ActiveCfg = Release|x86
		{2BD226E4-B931-4B46-A6C3-D15270AD0565}.Release|x86.Build.0 = Release|x86
	EndGlobalSection
	GlobalSection(SolutionProperties) = preSolution
		HideSolutionNode = FALSE
	EndGlobalSection
	GlobalSection(NestedProjects) = preSolution
		{BF9C6664-0E37-4992-BCCB-CA19385E5899} = {C725D725-6DC3-484F-839C-851DA0C79033}
		{4D65DE1C-8360-4DA5-B4E3-07691F464462} = {7E1361F0-53BC-4F0A-845A-199697D1940E}
		{0AF0B9FF-D981-4D0F-A41F-C3AB6FE2F16D} = {4D65DE1C-8360-4DA5-B4E3-07691F464462}
		{21B4AD15-D9FA-4873-BFAD-1EEEFBC6C264} = {4D65DE1C-8360-4DA5-B4E3-07691F464462}
		{35F4CDD9-E656-48C1-96F8-77CB63480E08} = {4D65DE1C-8360-4DA5-B4E3-07691F464462}
		{A6B0A741-5BE0-479D-B813-E65672350057} = {4D65DE1C-8360-4DA5-B4E3-07691F464462}
		{7F898B3A-DA17-4CAB-B387-5629B5FACA49} = {4D65DE1C-8360-4DA5-B4E3-07691F464462}
		{04DBBEF4-F422-4973-8EAA-11C15E09B7DE} = {7E1361F0-53BC-4F0A-845A-199697D1940E}
		{2BD226E4-B931-4B46-A6C3-D15270AD0565} = {7E1361F0-53BC-4F0A-845A-199697D1940E}
	EndGlobalSection
	GlobalSection(ExtensibilityGlobals) = postSolution
		SolutionGuid = {979C703A-8DBD-43C9-ADEF-F12278C28059}
	EndGlobalSection
EndGlobal
